
Microsoft Visual Studio Solution File, Format Version 12.00
# Visual Studio Version 16
VisualStudioVersion = 16.0.30517.126
MinimumVisualStudioVersion = 10.0.40219.1
Project("{9A19103F-16F7-4668-BE54-9A1E7A4F7556}") = "StarBusEnterprise", "StarBusEnterprise\StarBusEnterprise.csproj", "{01B6DBBA-5126-4EFD-8BAD-427E8AF937B5}"
EndProject
Global
	GlobalSection(SolutionConfigurationPlatforms) = preSolution
		Debug|Any CPU = Debug|Any CPU
		Release|Any CPU = Release|Any CPU
	EndGlobalSection
	GlobalSection(ProjectConfigurationPlatforms) = postSolution
		{01B6DBBA-5126-4EFD-8BAD-427E8AF937B5}.Debug|Any CPU.ActiveCfg = Debug|Any CPU
		{01B6DBBA-5126-4EFD-8BAD-427E8AF937B5}.Debug|Any CPU.Build.0 = Debug|Any CPU
		{01B6DBBA-5126-4EFD-8BAD-427E8AF937B5}.Release|Any CPU.ActiveCfg = Release|Any CPU
		{01B6DBBA-5126-4EFD-8BAD-427E8AF937B5}.Release|Any CPU.Build.0 = Release|Any CPU
	EndGlobalSection
	GlobalSection(SolutionProperties) = preSolution
		HideSolutionNode = FALSE
	EndGlobalSection
	GlobalSection(ExtensibilityGlobals) = postSolution
		SolutionGuid = {C94D6BDC-302E-4BB4-99B2-2226E12D0A3F}
	EndGlobalSection
EndGlobal
